
Microsoft Visual Studio Solution File, Format Version 12.00
# Visual Studio Version 17
VisualStudioVersion = 17.3.32901.215
MinimumVisualStudioVersion = 10.0.40219.1
Project("{9A19103F-16F7-4668-BE54-9A1E7A4F7556}") = "DotNetLab1", "DotNetLab1\DotNetLab1.csproj", "{FDEBC69E-9AA5-4150-BAF4-63DAF71BD9EC}"
EndProject
Project("{FAE04EC0-301F-11D3-BF4B-00C04F79EFBC}") = "DotNetLab1Tests", "DotNetLab1Tests\DotNetLab1Tests.csproj", "{2B9CFA02-E2F9-4FE2-9CDB-3B7B89B4192B}"
EndProject
Global
	GlobalSection(SolutionConfigurationPlatforms) = preSolution
		Debug|Any CPU = Debug|Any CPU
		Release|Any CPU = Release|Any CPU
	EndGlobalSection
	GlobalSection(ProjectConfigurationPlatforms) = postSolution
		{FDEBC69E-9AA5-4150-BAF4-63DAF71BD9EC}.Debug|Any CPU.ActiveCfg = Debug|Any CPU
		{FDEBC69E-9AA5-4150-BAF4-63DAF71BD9EC}.Debug|Any CPU.Build.0 = Debug|Any CPU
		{FDEBC69E-9AA5-4150-BAF4-63DAF71BD9EC}.Release|Any CPU.ActiveCfg = Release|Any CPU
		{FDEBC69E-9AA5-4150-BAF4-63DAF71BD9EC}.Release|Any CPU.Build.0 = Release|Any CPU
		{2B9CFA02-E2F9-4FE2-9CDB-3B7B89B4192B}.Debug|Any CPU.ActiveCfg = Debug|Any CPU
		{2B9CFA02-E2F9-4FE2-9CDB-3B7B89B4192B}.Debug|Any CPU.Build.0 = Debug|Any CPU
		{2B9CFA02-E2F9-4FE2-9CDB-3B7B89B4192B}.Release|Any CPU.ActiveCfg = Release|Any CPU
		{2B9CFA02-E2F9-4FE2-9CDB-3B7B89B4192B}.Release|Any CPU.Build.0 = Release|Any CPU
	EndGlobalSection
	GlobalSection(SolutionProperties) = preSolution
		HideSolutionNode = FALSE
	EndGlobalSection
	GlobalSection(ExtensibilityGlobals) = postSolution
		SolutionGuid = {E84189DC-0C16-4BEB-8428-A94AF8A91861}
	EndGlobalSection
EndGlobal
